// !$*UTF8*$!
{
	archiveVersion = 1;
	classes = {
	};
	objectVersion = 46;
	objects = {

/* Begin PBXBuildFile section */
		292683961AA1FD88004A376F /* main.m in Sources */ = {isa = PBXBuildFile; fileRef = 292683951AA1FD88004A376F /* main.m */; };
		292683991AA1FD88004A376F /* AppDelegate.m in Sources */ = {isa = PBXBuildFile; fileRef = 292683981AA1FD88004A376F /* AppDelegate.m */; };
		2926839C1AA1FD88004A376F /* ViewController.m in Sources */ = {isa = PBXBuildFile; fileRef = 2926839B1AA1FD88004A376F /* ViewController.m */; };
		2926839F1AA1FD88004A376F /* Main.storyboard in Resources */ = {isa = PBXBuildFile; fileRef = 2926839D1AA1FD88004A376F /* Main.storyboard */; };
		292683A11AA1FD88004A376F /* Images.xcassets in Resources */ = {isa = PBXBuildFile; fileRef = 292683A01AA1FD88004A376F /* Images.xcassets */; };
		292683A41AA1FD88004A376F /* LaunchScreen.xib in Resources */ = {isa = PBXBuildFile; fileRef = 292683A21AA1FD88004A376F /* LaunchScreen.xib */; };
		292683B01AA1FD89004A376F /* imageCrawlerTests.m in Sources */ = {isa = PBXBuildFile; fileRef = 292683AF1AA1FD89004A376F /* imageCrawlerTests.m */; };
/* End PBXBuildFile section */

/* Begin PBXContainerItemProxy section */
		292683AA1AA1FD89004A376F /* PBXContainerItemProxy */ = {
			isa = PBXContainerItemProxy;
			containerPortal = 292683881AA1FD88004A376F /* Project object */;
			proxyType = 1;
			remoteGlobalIDString = 2926838F1AA1FD88004A376F;
			remoteInfo = imageCrawler;
		};
/* End PBXContainerItemProxy section */

/* Begin PBXFileReference section */
		292683901AA1FD88004A376F /* imageCrawler.app */ = {isa = PBXFileReference; explicitFileType = wrapper.application; includeInIndex = 0; path = imageCrawler.app; sourceTree = BUILT_PRODUCTS_DIR; };
		292683941AA1FD88004A376F /* Info.plist */ = {isa = PBXFileReference; lastKnownFileType = text.plist.xml; path = Info.plist; sourceTree = "<group>"; };
		292683951AA1FD88004A376F /* main.m */ = {isa = PBXFileReference; lastKnownFileType = sourcecode.c.objc; path = main.m; sourceTree = "<group>"; };
		292683971AA1FD88004A376F /* AppDelegate.h */ = {isa = PBXFileReference; lastKnownFileType = sourcecode.c.h; path = AppDelegate.h; sourceTree = "<group>"; };
		292683981AA1FD88004A376F /* AppDelegate.m */ = {isa = PBXFileReference; lastKnownFileType = sourcecode.c.objc; path = AppDelegate.m; sourceTree = "<group>"; };
		2926839A1AA1FD88004A376F /* ViewController.h */ = {isa = PBXFileReference; lastKnownFileType = sourcecode.c.h; path = ViewController.h; sourceTree = "<group>"; };
		2926839B1AA1FD88004A376F /* ViewController.m */ = {isa = PBXFileReference; lastKnownFileType = sourcecode.c.objc; path = ViewController.m; sourceTree = "<group>"; };
		2926839E1AA1FD88004A376F /* Base */ = {isa = PBXFileReference; lastKnownFileType = file.storyboard; name = Base; path = Base.lproj/Main.storyboard; sourceTree = "<group>"; };
		292683A01AA1FD88004A376F /* Images.xcassets */ = {isa = PBXFileReference; lastKnownFileType = folder.assetcatalog; path = Images.xcassets; sourceTree = "<group>"; };
		292683A31AA1FD88004A376F /* Base */ = {isa = PBXFileReference; lastKnownFileType = file.xib; name = Base; path = Base.lproj/LaunchScreen.xib; sourceTree = "<group>"; };
		292683A91AA1FD89004A376F /* imageCrawlerTests.xctest */ = {isa = PBXFileReference; explicitFileType = wrapper.cfbundle; includeInIndex = 0; path = imageCrawlerTests.xctest; sourceTree = BUILT_PRODUCTS_DIR; };
		292683AE1AA1FD89004A376F /* Info.plist */ = {isa = PBXFileReference; lastKnownFileType = text.plist.xml; path = Info.plist; sourceTree = "<group>"; };
		292683AF1AA1FD89004A376F /* imageCrawlerTests.m */ = {isa = PBXFileReference; lastKnownFileType = sourcecode.c.objc; path = imageCrawlerTests.m; sourceTree = "<group>"; };
/* End PBXFileReference section */

/* Begin PBXFrameworksBuildPhase section */
		2926838D1AA1FD88004A376F /* Frameworks */ = {
			isa = PBXFrameworksBuildPhase;
			buildActionMask = 2147483647;
			files = (
			);
			runOnlyForDeploymentPostprocessing = 0;
		};
		292683A61AA1FD89004A376F /* Frameworks */ = {
			isa = PBXFrameworksBuildPhase;
			buildActionMask = 2147483647;
			files = (
			);
			runOnlyForDeploymentPostprocessing = 0;
		};
/* End PBXFrameworksBuildPhase section */

/* Begin PBXGroup section */
		292683871AA1FD88004A376F = {
			isa = PBXGroup;
			children = (
				292683921AA1FD88004A376F /* imageCrawler */,
				292683AC1AA1FD89004A376F /* imageCrawlerTests */,
				292683911AA1FD88004A376F /* Products */,
			);
			sourceTree = "<group>";
		};
		292683911AA1FD88004A376F /* Products */ = {
			isa = PBXGroup;
			children = (
				292683901AA1FD88004A376F /* imageCrawler.app */,
				292683A91AA1FD89004A376F /* imageCrawlerTests.xctest */,
			);
			name = Products;
			sourceTree = "<group>";
		};
		292683921AA1FD88004A376F /* imageCrawler */ = {
			isa = PBXGroup;
			children = (
				292683971AA1FD88004A376F /* AppDelegate.h */,
				292683981AA1FD88004A376F /* AppDelegate.m */,
				2926839A1AA1FD88004A376F /* ViewController.h */,
				2926839B1AA1FD88004A376F /* ViewController.m */,
				2926839D1AA1FD88004A376F /* Main.storyboard */,
				292683A01AA1FD88004A376F /* Images.xcassets */,
				292683A21AA1FD88004A376F /* LaunchScreen.xib */,
				292683931AA1FD88004A376F /* Supporting Files */,
			);
			path = imageCrawler;
			sourceTree = "<group>";
		};
		292683931AA1FD88004A376F /* Supporting Files */ = {
			isa = PBXGroup;
			children = (
				292683941AA1FD88004A376F /* Info.plist */,
				292683951AA1FD88004A376F /* main.m */,
			);
			name = "Supporting Files";
			sourceTree = "<group>";
		};
		292683AC1AA1FD89004A376F /* imageCrawlerTests */ = {
			isa = PBXGroup;
			children = (
				292683AF1AA1FD89004A376F /* imageCrawlerTests.m */,
				292683AD1AA1FD89004A376F /* Supporting Files */,
			);
			path = imageCrawlerTests;
			sourceTree = "<group>";
		};
		292683AD1AA1FD89004A376F /* Supporting Files */ = {
			isa = PBXGroup;
			children = (
				292683AE1AA1FD89004A376F /* Info.plist */,
			);
			name = "Supporting Files";
			sourceTree = "<group>";
		};
/* End PBXGroup section */

/* Begin PBXNativeTarget section */
		2926838F1AA1FD88004A376F /* imageCrawler */ = {
			isa = PBXNativeTarget;
			buildConfigurationList = 292683B31AA1FD89004A376F /* Build configuration list for PBXNativeTarget "imageCrawler" */;
			buildPhases = (
				2926838C1AA1FD88004A376F /* Sources */,
				2926838D1AA1FD88004A376F /* Frameworks */,
				2926838E1AA1FD88004A376F /* Resources */,
			);
			buildRules = (
			);
			dependencies = (
			);
			name = imageCrawler;
			productName = imageCrawler;
			productReference = 292683901AA1FD88004A376F /* imageCrawler.app */;
			productType = "com.apple.product-type.application";
		};
		292683A81AA1FD89004A376F /* imageCrawlerTests */ = {
			isa = PBXNativeTarget;
			buildConfigurationList = 292683B61AA1FD89004A376F /* Build configuration list for PBXNativeTarget "imageCrawlerTests" */;
			buildPhases = (
				292683A51AA1FD89004A376F /* Sources */,
				292683A61AA1FD89004A376F /* Frameworks */,
				292683A71AA1FD89004A376F /* Resources */,
			);
			buildRules = (
			);
			dependencies = (
				292683AB1AA1FD89004A376F /* PBXTargetDependency */,
			);
			name = imageCrawlerTests;
			productName = imageCrawlerTests;
			productReference = 292683A91AA1FD89004A376F /* imageCrawlerTests.xctest */;
			productType = "com.apple.product-type.bundle.unit-test";
		};
/* End PBXNativeTarget section */

/* Begin PBXProject section */
		292683881AA1FD88004A376F /* Project object */ = {
			isa = PBXProject;
			attributes = {
				LastUpgradeCheck = 0610;
				ORGANIZATIONNAME = "Marius Horga";
				TargetAttributes = {
					2926838F1AA1FD88004A376F = {
						CreatedOnToolsVersion = 6.1.1;
					};
					292683A81AA1FD89004A376F = {
						CreatedOnToolsVersion = 6.1.1;
						TestTargetID = 2926838F1AA1FD88004A376F;
					};
				};
			};
			buildConfigurationList = 2926838B1AA1FD88004A376F /* Build configuration list for PBXProject "imageCrawler" */;
			compatibilityVersion = "Xcode 3.2";
			developmentRegion = English;
			hasScannedForEncodings = 0;
			knownRegions = (
				en,
				Base,
			);
			mainGroup = 292683871AA1FD88004A376F;
			productRefGroup = 292683911AA1FD88004A376F /* Products */;
			projectDirPath = "";
			projectRoot = "";
			targets = (
				2926838F1AA1FD88004A376F /* imageCrawler */,
				292683A81AA1FD89004A376F /* imageCrawlerTests */,
			);
		};
/* End PBXProject section */

/* Begin PBXResourcesBuildPhase section */
		2926838E1AA1FD88004A376F /* Resources */ = {
			isa = PBXResourcesBuildPhase;
			buildActionMask = 2147483647;
			files = (
				2926839F1AA1FD88004A376F /* Main.storyboard in Resources */,
				292683A41AA1FD88004A376F /* LaunchScreen.xib in Resources */,
				292683A11AA1FD88004A376F /* Images.xcassets in Resources */,
			);
			runOnlyForDeploymentPostprocessing = 0;
		};
		292683A71AA1FD89004A376F /* Resources */ = {
			isa = PBXResourcesBuildPhase;
			buildActionMask = 2147483647;
			files = (
			);
			runOnlyForDeploymentPostprocessing = 0;
		};
/* End PBXResourcesBuildPhase section */

/* Begin PBXSourcesBuildPhase section */
		2926838C1AA1FD88004A376F /* Sources */ = {
			isa = PBXSourcesBuildPhase;
			buildActionMask = 2147483647;
			files = (
				2926839C1AA1FD88004A376F /* ViewController.m in Sources */,
				292683991AA1FD88004A376F /* AppDelegate.m in Sources */,
				292683961AA1FD88004A376F /* main.m in Sources */,
			);
			runOnlyForDeploymentPostprocessing = 0;
		};
		292683A51AA1FD89004A376F /* Sources */ = {
			isa = PBXSourcesBuildPhase;
			buildActionMask = 2147483647;
			files = (
				292683B01AA1FD89004A376F /* imageCrawlerTests.m in Sources */,
			);
			runOnlyForDeploymentPostprocessing = 0;
		};
/* End PBXSourcesBuildPhase section */

/* Begin PBXTargetDependency section */
		292683AB1AA1FD89004A376F /* PBXTargetDependency */ = {
			isa = PBXTargetDependency;
			target = 2926838F1AA1FD88004A376F /* imageCrawler */;
			targetProxy = 292683AA1AA1FD89004A376F /* PBXContainerItemProxy */;
		};
/* End PBXTargetDependency section */

/* Begin PBXVariantGroup section */
		2926839D1AA1FD88004A376F /* Main.storyboard */ = {
			isa = PBXVariantGroup;
			children = (
				2926839E1AA1FD88004A376F /* Base */,
			);
			name = Main.storyboard;
			sourceTree = "<group>";
		};
		292683A21AA1FD88004A376F /* LaunchScreen.xib */ = {
			isa = PBXVariantGroup;
			children = (
				292683A31AA1FD88004A376F /* Base */,
			);
			name = LaunchScreen.xib;
			sourceTree = "<group>";
		};
/* End PBXVariantGroup section */

/* Begin XCBuildConfiguration section */
		292683B11AA1FD89004A376F /* Debug */ = {
			isa = XCBuildConfiguration;
			buildSettings = {
				ALWAYS_SEARCH_USER_PATHS = NO;
				CLANG_CXX_LANGUAGE_STANDARD = "gnu++0x";
				CLANG_CXX_LIBRARY = "libc++";
				CLANG_ENABLE_MODULES = YES;
				CLANG_ENABLE_OBJC_ARC = YES;
				CLANG_WARN_BOOL_CONVERSION = YES;
				CLANG_WARN_CONSTANT_CONVERSION = YES;
				CLANG_WARN_DIRECT_OBJC_ISA_USAGE = YES_ERROR;
				CLANG_WARN_EMPTY_BODY = YES;
				CLANG_WARN_ENUM_CONVERSION = YES;
				CLANG_WARN_INT_CONVERSION = YES;
				CLANG_WARN_OBJC_ROOT_CLASS = YES_ERROR;
				CLANG_WARN_UNREACHABLE_CODE = YES;
				CLANG_WARN__DUPLICATE_METHOD_MATCH = YES;
				"CODE_SIGN_IDENTITY[sdk=iphoneos*]" = "iPhone Developer";
				COPY_PHASE_STRIP = NO;
				ENABLE_STRICT_OBJC_MSGSEND = YES;
				GCC_C_LANGUAGE_STANDARD = gnu99;
				GCC_DYNAMIC_NO_PIC = NO;
				GCC_OPTIMIZATION_LEVEL = 0;
				GCC_PREPROCESSOR_DEFINITIONS = (
					"DEBUG=1",
					"$(inherited)",
				);
				GCC_SYMBOLS_PRIVATE_EXTERN = NO;
				GCC_WARN_64_TO_32_BIT_CONVERSION = YES;
				GCC_WARN_ABOUT_RETURN_TYPE = YES_ERROR;
				GCC_WARN_UNDECLARED_SELECTOR = YES;
				GCC_WARN_UNINITIALIZED_AUTOS = YES_AGGRESSIVE;
				GCC_WARN_UNUSED_FUNCTION = YES;
				GCC_WARN_UNUSED_VARIABLE = YES;
				IPHONEOS_DEPLOYMENT_TARGET = 8.1;
				MTL_ENABLE_DEBUG_INFO = YES;
				ONLY_ACTIVE_ARCH = YES;
				SDKROOT = iphoneos;
			};
			name = Debug;
		};
		292683B21AA1FD89004A376F /* Release */ = {
			isa = XCBuildConfiguration;
			buildSettings = {
				ALWAYS_SEARCH_USER_PATHS = NO;
				CLANG_CXX_LANGUAGE_STANDARD = "gnu++0x";
				CLANG_CXX_LIBRARY = "libc++";
				CLANG_ENABLE_MODULES = YES;
				CLANG_ENABLE_OBJC_ARC = YES;
				CLANG_WARN_BOOL_CONVERSION = YES;
				CLANG_WARN_CONSTANT_CONVERSION = YES;
				CLANG_WARN_DIRECT_OBJC_ISA_USAGE = YES_ERROR;
				CLANG_WARN_EMPTY_BODY = YES;
				CLANG_WARN_ENUM_CONVERSION = YES;
				CLANG_WARN_INT_CONVERSION = YES;
				CLANG_WARN_OBJC_ROOT_CLASS = YES_ERROR;
				CLANG_WARN_UNREACHABLE_CODE = YES;
				CLANG_WARN__DUPLICATE_METHOD_MATCH = YES;
				"CODE_SIGN_IDENTITY[sdk=iphoneos*]" = "iPhone Developer";
				COPY_PHASE_STRIP = YES;
				ENABLE_NS_ASSERTIONS = NO;
				ENABLE_STRICT_OBJC_MSGSEND = YES;
				GCC_C_LANGUAGE_STANDARD = gnu99;
				GCC_WARN_64_TO_32_BIT_CONVERSION = YES;
				GCC_WARN_ABOUT_RETURN_TYPE = YES_ERROR;
				GCC_WARN_UNDECLARED_SELECTOR = YES;
				GCC_WARN_UNINITIALIZED_AUTOS = YES_AGGRESSIVE;
				GCC_WARN_UNUSED_FUNCTION = YES;
				GCC_WARN_UNUSED_VARIABLE = YES;
				IPHONEOS_DEPLOYMENT_TARGET = 8.1;
				MTL_ENABLE_DEBUG_INFO = NO;
				SDKROOT = iphoneos;
				VALIDATE_PRODUCT = YES;
			};
			name = Release;
		};
		292683B41AA1FD89004A376F /* Debug */ = {
			isa = XCBuildConfiguration;
			buildSettings = {
				ASSETCATALOG_COMPILER_APPICON_NAME = AppIcon;
				INFOPLIST_FILE = imageCrawler/Info.plist;
				LD_RUNPATH_SEARCH_PATHS = "$(inherited) @executable_path/Frameworks";
				PRODUCT_NAME = "$(TARGET_NAME)";
			};
			name = Debug;
		};
		292683B51AA1FD89004A376F /* Release */ = {
			isa = XCBuildConfiguration;
			buildSettings = {
				ASSETCATALOG_COMPILER_APPICON_NAME = AppIcon;
				INFOPLIST_FILE = imageCrawler/Info.plist;
				LD_RUNPATH_SEARCH_PATHS = "$(inherited) @executable_path/Frameworks";
				PRODUCT_NAME = "$(TARGET_NAME)";
			};
			name = Release;
		};
		292683B71AA1FD89004A376F /* Debug */ = {
			isa = XCBuildConfiguration;
			buildSettings = {
				BUNDLE_LOADER = "$(TEST_HOST)";
				FRAMEWORK_SEARCH_PATHS = (
					"$(SDKROOT)/Developer/Library/Frameworks",
					"$(inherited)",
				);
				GCC_PREPROCESSOR_DEFINITIONS = (
					"DEBUG=1",
					"$(inherited)",
				);
				INFOPLIST_FILE = imageCrawlerTests/Info.plist;
				LD_RUNPATH_SEARCH_PATHS = "$(inherited) @executable_path/Frameworks @loader_path/Frameworks";
				PRODUCT_NAME = "$(TARGET_NAME)";
				TEST_HOST = "$(BUILT_PRODUCTS_DIR)/imageCrawler.app/imageCrawler";
			};
			name = Debug;
		};
		292683B81AA1FD89004A376F /* Release */ = {
			isa = XCBuildConfiguration;
			buildSettings = {
				BUNDLE_LOADER = "$(TEST_HOST)";
				FRAMEWORK_SEARCH_PATHS = (
					"$(SDKROOT)/Developer/Library/Frameworks",
					"$(inherited)",
				);
				INFOPLIST_FILE = imageCrawlerTests/Info.plist;
				LD_RUNPATH_SEARCH_PATHS = "$(inherited) @executable_path/Frameworks @loader_path/Frameworks";
				PRODUCT_NAME = "$(TARGET_NAME)";
				TEST_HOST = "$(BUILT_PRODUCTS_DIR)/imageCrawler.app/imageCrawler";
			};
			name = Release;
		};
/* End XCBuildConfiguration section */

/* Begin XCConfigurationList section */
		2926838B1AA1FD88004A376F /* Build configuration list for PBXProject "imageCrawler" */ = {
			isa = XCConfigurationList;
			buildConfigurations = (
				292683B11AA1FD89004A376F /* Debug */,
				292683B21AA1FD89004A376F /* Release */,
			);
			defaultConfigurationIsVisible = 0;
			defaultConfigurationName = Release;
		};
		292683B31AA1FD89004A376F /* Build configuration list for PBXNativeTarget "imageCrawler" */ = {
			isa = XCConfigurationList;
			buildConfigurations = (
				292683B41AA1FD89004A376F /* Debug */,
				292683B51AA1FD89004A376F /* Release */,
			);
			defaultConfigurationIsVisible = 0;
		};
		292683B61AA1FD89004A376F /* Build configuration list for PBXNativeTarget "imageCrawlerTests" */ = {
			isa = XCConfigurationList;
			buildConfigurations = (
				292683B71AA1FD89004A376F /* Debug */,
				292683B81AA1FD89004A376F /* Release */,
			);
			defaultConfigurationIsVisible = 0;
		};
/* End XCConfigurationList section */
	};
	rootObject = 292683881AA1FD88004A376F /* Project object */;
}
